// !$*UTF8*$!
{
	archiveVersion = 1;
	classes = {
	};
	objectVersion = 56;
	objects = {

/* Begin PBXBuildFile section */
		F447646529CB175B000C9795 /* shader.metal in Sources */ = {isa = PBXBuildFile; fileRef = F447646429CB175B000C9795 /* shader.metal */; };
		F4949F5829D15C8E008FC234 /* HPET.swift in Sources */ = {isa = PBXBuildFile; fileRef = F4949F5729D15C8E008FC234 /* HPET.swift */; };
		F4949F5A29D16461008FC234 /* HPETShim.swift in Sources */ = {isa = PBXBuildFile; fileRef = F4949F5929D16461008FC234 /* HPETShim.swift */; };
		F49ECBA129B8AC3400A5C426 /* AppDelegate.swift in Sources */ = {isa = PBXBuildFile; fileRef = F49ECBA029B8AC3400A5C426 /* AppDelegate.swift */; };
		F49ECBA329B8AC3400A5C426 /* SceneDelegate.swift in Sources */ = {isa = PBXBuildFile; fileRef = F49ECBA229B8AC3400A5C426 /* SceneDelegate.swift */; };
		F49ECBA529B8AC3400A5C426 /* ViewController.swift in Sources */ = {isa = PBXBuildFile; fileRef = F49ECBA429B8AC3400A5C426 /* ViewController.swift */; };
		F49ECBA829B8AC3400A5C426 /* Main.storyboard in Resources */ = {isa = PBXBuildFile; fileRef = F49ECBA629B8AC3400A5C426 /* Main.storyboard */; };
		F49ECBAA29B8AC3500A5C426 /* Assets.xcassets in Resources */ = {isa = PBXBuildFile; fileRef = F49ECBA929B8AC3500A5C426 /* Assets.xcassets */; };
		F49ECBAD29B8AC3500A5C426 /* LaunchScreen.storyboard in Resources */ = {isa = PBXBuildFile; fileRef = F49ECBAB29B8AC3500A5C426 /* LaunchScreen.storyboard */; };
/* End PBXBuildFile section */

/* Begin PBXFileReference section */
		F447646429CB175B000C9795 /* shader.metal */ = {isa = PBXFileReference; lastKnownFileType = sourcecode.metal; path = shader.metal; sourceTree = "<group>"; };
		F4949F5729D15C8E008FC234 /* HPET.swift */ = {isa = PBXFileReference; lastKnownFileType = sourcecode.swift; path = HPET.swift; sourceTree = "<group>"; };
		F4949F5929D16461008FC234 /* HPETShim.swift */ = {isa = PBXFileReference; lastKnownFileType = sourcecode.swift; path = HPETShim.swift; sourceTree = "<group>"; };
		F49ECB9D29B8AC3400A5C426 /* UIKitMadness.app */ = {isa = PBXFileReference; explicitFileType = wrapper.application; includeInIndex = 0; path = UIKitMadness.app; sourceTree = BUILT_PRODUCTS_DIR; };
		F49ECBA029B8AC3400A5C426 /* AppDelegate.swift */ = {isa = PBXFileReference; lastKnownFileType = sourcecode.swift; path = AppDelegate.swift; sourceTree = "<group>"; };
		F49ECBA229B8AC3400A5C426 /* SceneDelegate.swift */ = {isa = PBXFileReference; lastKnownFileType = sourcecode.swift; path = SceneDelegate.swift; sourceTree = "<group>"; };
		F49ECBA429B8AC3400A5C426 /* ViewController.swift */ = {isa = PBXFileReference; lastKnownFileType = sourcecode.swift; path = ViewController.swift; sourceTree = "<group>"; };
		F49ECBA729B8AC3400A5C426 /* Base */ = {isa = PBXFileReference; lastKnownFileType = file.storyboard; name = Base; path = Base.lproj/Main.storyboard; sourceTree = "<group>"; };
		F49ECBA929B8AC3500A5C426 /* Assets.xcassets */ = {isa = PBXFileReference; lastKnownFileType = folder.assetcatalog; path = Assets.xcassets; sourceTree = "<group>"; };
		F49ECBAC29B8AC3500A5C426 /* Base */ = {isa = PBXFileReference; lastKnownFileType = file.storyboard; name = Base; path = Base.lproj/LaunchScreen.storyboard; sourceTree = "<group>"; };
		F49ECBAE29B8AC3500A5C426 /* Info.plist */ = {isa = PBXFileReference; lastKnownFileType = text.plist.xml; path = Info.plist; sourceTree = "<group>"; };
/* End PBXFileReference section */

/* Begin PBXFrameworksBuildPhase section */
		F49ECB9A29B8AC3400A5C426 /* Frameworks */ = {
			isa = PBXFrameworksBuildPhase;
			buildActionMask = 2147483647;
			files = (
			);
			runOnlyForDeploymentPostprocessing = 0;
		};
/* End PBXFrameworksBuildPhase section */

/* Begin PBXGroup section */
		F49ECB9429B8AC3400A5C426 = {
			isa = PBXGroup;
			children = (
				F49ECB9F29B8AC3400A5C426 /* UIKitMadness */,
				F49ECB9E29B8AC3400A5C426 /* Products */,
			);
			sourceTree = "<group>";
		};
		F49ECB9E29B8AC3400A5C426 /* Products */ = {
			isa = PBXGroup;
			children = (
				F49ECB9D29B8AC3400A5C426 /* UIKitMadness.app */,
			);
			name = Products;
			sourceTree = "<group>";
		};
		F49ECB9F29B8AC3400A5C426 /* UIKitMadness */ = {
			isa = PBXGroup;
			children = (
				F49ECBA029B8AC3400A5C426 /* AppDelegate.swift */,
				F49ECBA229B8AC3400A5C426 /* SceneDelegate.swift */,
				F49ECBA429B8AC3400A5C426 /* ViewController.swift */,
				F4949F5729D15C8E008FC234 /* HPET.swift */,
				F447646429CB175B000C9795 /* shader.metal */,
				F49ECBA629B8AC3400A5C426 /* Main.storyboard */,
				F49ECBA929B8AC3500A5C426 /* Assets.xcassets */,
				F49ECBAB29B8AC3500A5C426 /* LaunchScreen.storyboard */,
				F49ECBAE29B8AC3500A5C426 /* Info.plist */,
				F4949F5929D16461008FC234 /* HPETShim.swift */,
			);
			path = UIKitMadness;
			sourceTree = "<group>";
		};
/* End PBXGroup section */

/* Begin PBXNativeTarget section */
		F49ECB9C29B8AC3400A5C426 /* UIKitMadness */ = {
			isa = PBXNativeTarget;
			buildConfigurationList = F49ECBB129B8AC3500A5C426 /* Build configuration list for PBXNativeTarget "UIKitMadness" */;
			buildPhases = (
				F49ECB9929B8AC3400A5C426 /* Sources */,
				F49ECB9A29B8AC3400A5C426 /* Frameworks */,
				F49ECB9B29B8AC3400A5C426 /* Resources */,
			);
			buildRules = (
			);
			dependencies = (
			);
			name = UIKitMadness;
			productName = UIKitMadness;
			productReference = F49ECB9D29B8AC3400A5C426 /* UIKitMadness.app */;
			productType = "com.apple.product-type.application";
		};
/* End PBXNativeTarget section */

/* Begin PBXProject section */
		F49ECB9529B8AC3400A5C426 /* Project object */ = {
			isa = PBXProject;
			attributes = {
				BuildIndependentTargetsInParallel = 1;
				LastSwiftUpdateCheck = 1420;
				LastUpgradeCheck = 1420;
				TargetAttributes = {
					F49ECB9C29B8AC3400A5C426 = {
						CreatedOnToolsVersion = 14.2;
					};
				};
			};
			buildConfigurationList = F49ECB9829B8AC3400A5C426 /* Build configuration list for PBXProject "UIKitMadness" */;
			compatibilityVersion = "Xcode 14.0";
			developmentRegion = en;
			hasScannedForEncodings = 0;
			knownRegions = (
				en,
				Base,
			);
			mainGroup = F49ECB9429B8AC3400A5C426;
			productRefGroup = F49ECB9E29B8AC3400A5C426 /* Products */;
			projectDirPath = "";
			projectRoot = "";
			targets = (
				F49ECB9C29B8AC3400A5C426 /* UIKitMadness */,
			);
		};
/* End PBXProject section */

/* Begin PBXResourcesBuildPhase section */
		F49ECB9B29B8AC3400A5C426 /* Resources */ = {
			isa = PBXResourcesBuildPhase;
			buildActionMask = 2147483647;
			files = (
				F49ECBAD29B8AC3500A5C426 /* LaunchScreen.storyboard in Resources */,
				F49ECBAA29B8AC3500A5C426 /* Assets.xcassets in Resources */,
				F49ECBA829B8AC3400A5C426 /* Main.storyboard in Resources */,
			);
			runOnlyForDeploymentPostprocessing = 0;
		};
/* End PBXResourcesBuildPhase section */

/* Begin PBXSourcesBuildPhase section */
		F49ECB9929B8AC3400A5C426 /* Sources */ = {
			isa = PBXSourcesBuildPhase;
			buildActionMask = 2147483647;
			files = (
				F447646529CB175B000C9795 /* shader.metal in Sources */,
				F4949F5A29D16461008FC234 /* HPETShim.swift in Sources */,
				F4949F5829D15C8E008FC234 /* HPET.swift in Sources */,
				F49ECBA529B8AC3400A5C426 /* ViewController.swift in Sources */,
				F49ECBA129B8AC3400A5C426 /* AppDelegate.swift in Sources */,
				F49ECBA329B8AC3400A5C426 /* SceneDelegate.swift in Sources */,
			);
			runOnlyForDeploymentPostprocessing = 0;
		};
/* End PBXSourcesBuildPhase section */

/* Begin PBXVariantGroup section */
		F49ECBA629B8AC3400A5C426 /* Main.storyboard */ = {
			isa = PBXVariantGroup;
			children = (
				F49ECBA729B8AC3400A5C426 /* Base */,
			);
			name = Main.storyboard;
			sourceTree = "<group>";
		};
		F49ECBAB29B8AC3500A5C426 /* LaunchScreen.storyboard */ = {
			isa = PBXVariantGroup;
			children = (
				F49ECBAC29B8AC3500A5C426 /* Base */,
			);
			name = LaunchScreen.storyboard;
			sourceTree = "<group>";
		};
/* End PBXVariantGroup section */

/* Begin XCBuildConfiguration section */
		F49ECBAF29B8AC3500A5C426 /* Debug */ = {
			isa = XCBuildConfiguration;
			buildSettings = {
				ALWAYS_SEARCH_USER_PATHS = NO;
				CLANG_ANALYZER_NONNULL = YES;
				CLANG_ANALYZER_NUMBER_OBJECT_CONVERSION = YES_AGGRESSIVE;
				CLANG_CXX_LANGUAGE_STANDARD = "gnu++20";
				CLANG_ENABLE_MODULES = YES;
				CLANG_ENABLE_OBJC_ARC = YES;
				CLANG_ENABLE_OBJC_WEAK = YES;
				CLANG_WARN_BLOCK_CAPTURE_AUTORELEASING = YES;
				CLANG_WARN_BOOL_CONVERSION = YES;
				CLANG_WARN_COMMA = YES;
				CLANG_WARN_CONSTANT_CONVERSION = YES;
				CLANG_WARN_DEPRECATED_OBJC_IMPLEMENTATIONS = YES;
				CLANG_WARN_DIRECT_OBJC_ISA_USAGE = YES_ERROR;
				CLANG_WARN_DOCUMENTATION_COMMENTS = YES;
				CLANG_WARN_EMPTY_BODY = YES;
				CLANG_WARN_ENUM_CONVERSION = YES;
				CLANG_WARN_INFINITE_RECURSION = YES;
				CLANG_WARN_INT_CONVERSION = YES;
				CLANG_WARN_NON_LITERAL_NULL_CONVERSION = YES;
				CLANG_WARN_OBJC_IMPLICIT_RETAIN_SELF = YES;
				CLANG_WARN_OBJC_LITERAL_CONVERSION = YES;
				CLANG_WARN_OBJC_ROOT_CLASS = YES_ERROR;
				CLANG_WARN_QUOTED_INCLUDE_IN_FRAMEWORK_HEADER = YES;
				CLANG_WARN_RANGE_LOOP_ANALYSIS = YES;
				CLANG_WARN_STRICT_PROTOTYPES = YES;
				CLANG_WARN_SUSPICIOUS_MOVE = YES;
				CLANG_WARN_UNGUARDED_AVAILABILITY = YES_AGGRESSIVE;
				CLANG_WARN_UNREACHABLE_CODE = YES;
				CLANG_WARN__DUPLICATE_METHOD_MATCH = YES;
				COPY_PHASE_STRIP = NO;
				DEBUG_INFORMATION_FORMAT = dwarf;
				ENABLE_STRICT_OBJC_MSGSEND = YES;
				ENABLE_TESTABILITY = YES;
				GCC_C_LANGUAGE_STANDARD = gnu11;
				GCC_DYNAMIC_NO_PIC = NO;
				GCC_NO_COMMON_BLOCKS = YES;
				GCC_OPTIMIZATION_LEVEL = 0;
				GCC_PREPROCESSOR_DEFINITIONS = (
					"DEBUG=1",
					"$(inherited)",
				);
				GCC_WARN_64_TO_32_BIT_CONVERSION = YES;
				GCC_WARN_ABOUT_RETURN_TYPE = YES_ERROR;
				GCC_WARN_UNDECLARED_SELECTOR = YES;
				GCC_WARN_UNINITIALIZED_AUTOS = YES_AGGRESSIVE;
				GCC_WARN_UNUSED_FUNCTION = YES;
				GCC_WARN_UNUSED_VARIABLE = YES;
				IPHONEOS_DEPLOYMENT_TARGET = 16.2;
				MTL_ENABLE_DEBUG_INFO = INCLUDE_SOURCE;
				MTL_FAST_MATH = YES;
				ONLY_ACTIVE_ARCH = YES;
				SDKROOT = iphoneos;
				SWIFT_ACTIVE_COMPILATION_CONDITIONS = DEBUG;
				SWIFT_OPTIMIZATION_LEVEL = "-Onone";
			};
			name = Debug;
		};
		F49ECBB029B8AC3500A5C426 /* Release */ = {
			isa = XCBuildConfiguration;
			buildSettings = {
				ALWAYS_SEARCH_USER_PATHS = NO;
				CLANG_ANALYZER_NONNULL = YES;
				CLANG_ANALYZER_NUMBER_OBJECT_CONVERSION = YES_AGGRESSIVE;
				CLANG_CXX_LANGUAGE_STANDARD = "gnu++20";
				CLANG_ENABLE_MODULES = YES;
				CLANG_ENABLE_OBJC_ARC = YES;
				CLANG_ENABLE_OBJC_WEAK = YES;
				CLANG_WARN_BLOCK_CAPTURE_AUTORELEASING = YES;
				CLANG_WARN_BOOL_CONVERSION = YES;
				CLANG_WARN_COMMA = YES;
				CLANG_WARN_CONSTANT_CONVERSION = YES;
				CLANG_WARN_DEPRECATED_OBJC_IMPLEMENTATIONS = YES;
				CLANG_WARN_DIRECT_OBJC_ISA_USAGE = YES_ERROR;
				CLANG_WARN_DOCUMENTATION_COMMENTS = YES;
				CLANG_WARN_EMPTY_BODY = YES;
				CLANG_WARN_ENUM_CONVERSION = YES;
				CLANG_WARN_INFINITE_RECURSION = YES;
				CLANG_WARN_INT_CONVERSION = YES;
				CLANG_WARN_NON_LITERAL_NULL_CONVERSION = YES;
				CLANG_WARN_OBJC_IMPLICIT_RETAIN_SELF = YES;
				CLANG_WARN_OBJC_LITERAL_CONVERSION = YES;
				CLANG_WARN_OBJC_ROOT_CLASS = YES_ERROR;
				CLANG_WARN_QUOTED_INCLUDE_IN_FRAMEWORK_HEADER = YES;
				CLANG_WARN_RANGE_LOOP_ANALYSIS = YES;
				CLANG_WARN_STRICT_PROTOTYPES = YES;
				CLANG_WARN_SUSPICIOUS_MOVE = YES;
				CLANG_WARN_UNGUARDED_AVAILABILITY = YES_AGGRESSIVE;
				CLANG_WARN_UNREACHABLE_CODE = YES;
				CLANG_WARN__DUPLICATE_METHOD_MATCH = YES;
				COPY_PHASE_STRIP = NO;
				DEBUG_INFORMATION_FORMAT = "dwarf-with-dsym";
				ENABLE_NS_ASSERTIONS = NO;
				ENABLE_STRICT_OBJC_MSGSEND = YES;
				GCC_C_LANGUAGE_STANDARD = gnu11;
				GCC_NO_COMMON_BLOCKS = YES;
				GCC_WARN_64_TO_32_BIT_CONVERSION = YES;
				GCC_WARN_ABOUT_RETURN_TYPE = YES_ERROR;
				GCC_WARN_UNDECLARED_SELECTOR = YES;
				GCC_WARN_UNINITIALIZED_AUTOS = YES_AGGRESSIVE;
				GCC_WARN_UNUSED_FUNCTION = YES;
				GCC_WARN_UNUSED_VARIABLE = YES;
				IPHONEOS_DEPLOYMENT_TARGET = 16.2;
				MTL_ENABLE_DEBUG_INFO = NO;
				MTL_FAST_MATH = YES;
				SDKROOT = iphoneos;
				SWIFT_COMPILATION_MODE = wholemodule;
				SWIFT_OPTIMIZATION_LEVEL = "-O";
				VALIDATE_PRODUCT = YES;
			};
			name = Release;
		};
		F49ECBB229B8AC3500A5C426 /* Debug */ = {
			isa = XCBuildConfiguration;
			buildSettings = {
				ASSETCATALOG_COMPILER_APPICON_NAME = AppIcon;
				ASSETCATALOG_COMPILER_GLOBAL_ACCENT_COLOR_NAME = AccentColor;
				CODE_SIGN_STYLE = Automatic;
				CURRENT_PROJECT_VERSION = 1;
				DEVELOPMENT_TEAM = 94B47KDN2M;
				GENERATE_INFOPLIST_FILE = YES;
				INFOPLIST_FILE = UIKitMadness/Info.plist;
				INFOPLIST_KEY_UIApplicationSupportsIndirectInputEvents = YES;
				INFOPLIST_KEY_UILaunchStoryboardName = LaunchScreen;
				INFOPLIST_KEY_UIMainStoryboardFile = Main;
				INFOPLIST_KEY_UISupportedInterfaceOrientations_iPad = "UIInterfaceOrientationPortrait UIInterfaceOrientationPortraitUpsideDown UIInterfaceOrientationLandscapeLeft UIInterfaceOrientationLandscapeRight";
				INFOPLIST_KEY_UISupportedInterfaceOrientations_iPhone = "UIInterfaceOrientationPortrait UIInterfaceOrientationLandscapeLeft UIInterfaceOrientationLandscapeRight";
				LD_RUNPATH_SEARCH_PATHS = (
					"$(inherited)",
					"@executable_path/Frameworks",
				);
				MARKETING_VERSION = 1.0;
				PRODUCT_BUNDLE_IDENTIFIER = com.tutorial.UIKitMadness;
				PRODUCT_NAME = "$(TARGET_NAME)";
				SWIFT_EMIT_LOC_STRINGS = YES;
				SWIFT_VERSION = 5.0;
				TARGETED_DEVICE_FAMILY = "1,2";
			};
			name = Debug;
		};
		F49ECBB329B8AC3500A5C426 /* Release */ = {
			isa = XCBuildConfiguration;
			buildSettings = {
				ASSETCATALOG_COMPILER_APPICON_NAME = AppIcon;
				ASSETCATALOG_COMPILER_GLOBAL_ACCENT_COLOR_NAME = AccentColor;
				CODE_SIGN_STYLE = Automatic;
				CURRENT_PROJECT_VERSION = 1;
				DEVELOPMENT_TEAM = 94B47KDN2M;
				GENERATE_INFOPLIST_FILE = YES;
				INFOPLIST_FILE = UIKitMadness/Info.plist;
				INFOPLIST_KEY_UIApplicationSupportsIndirectInputEvents = YES;
				INFOPLIST_KEY_UILaunchStoryboardName = LaunchScreen;
				INFOPLIST_KEY_UIMainStoryboardFile = Main;
				INFOPLIST_KEY_UISupportedInterfaceOrientations_iPad = "UIInterfaceOrientationPortrait UIInterfaceOrientationPortraitUpsideDown UIInterfaceOrientationLandscapeLeft UIInterfaceOrientationLandscapeRight";
				INFOPLIST_KEY_UISupportedInterfaceOrientations_iPhone = "UIInterfaceOrientationPortrait UIInterfaceOrientationLandscapeLeft UIInterfaceOrientationLandscapeRight";
				LD_RUNPATH_SEARCH_PATHS = (
					"$(inherited)",
					"@executable_path/Frameworks",
				);
				MARKETING_VERSION = 1.0;
				PRODUCT_BUNDLE_IDENTIFIER = com.tutorial.UIKitMadness;
				PRODUCT_NAME = "$(TARGET_NAME)";
				SWIFT_EMIT_LOC_STRINGS = YES;
				SWIFT_VERSION = 5.0;
				TARGETED_DEVICE_FAMILY = "1,2";
			};
			name = Release;
		};
/* End XCBuildConfiguration section */

/* Begin XCConfigurationList section */
		F49ECB9829B8AC3400A5C426 /* Build configuration list for PBXProject "UIKitMadness" */ = {
			isa = XCConfigurationList;
			buildConfigurations = (
				F49ECBAF29B8AC3500A5C426 /* Debug */,
				F49ECBB029B8AC3500A5C426 /* Release */,
			);
			defaultConfigurationIsVisible = 0;
			defaultConfigurationName = Release;
		};
		F49ECBB129B8AC3500A5C426 /* Build configuration list for PBXNativeTarget "UIKitMadness" */ = {
			isa = XCConfigurationList;
			buildConfigurations = (
				F49ECBB229B8AC3500A5C426 /* Debug */,
				F49ECBB329B8AC3500A5C426 /* Release */,
			);
			defaultConfigurationIsVisible = 0;
			defaultConfigurationName = Release;
		};
/* End XCConfigurationList section */
	};
	rootObject = F49ECB9529B8AC3400A5C426 /* Project object */;
}
